
Microsoft Visual Studio Solution File, Format Version 12.00
# Visual Studio Version 16
VisualStudioVersion = 16.0.30907.101
MinimumVisualStudioVersion = 10.0.40219.1
Project("{9A19103F-16F7-4668-BE54-9A1E7A4F7556}") = "NHibernate.Test", "NHibernate.Test.csproj", "{DA23EC65-980B-44FC-89EC-CE4A470E0353}"
EndProject
Global
	GlobalSection(SolutionConfigurationPlatforms) = preSolution
		Debug|Any CPU = Debug|Any CPU
		Release|Any CPU = Release|Any CPU
	EndGlobalSection
	GlobalSection(ProjectConfigurationPlatforms) = postSolution
		{DA23EC65-980B-44FC-89EC-CE4A470E0353}.Debug|Any CPU.ActiveCfg = Debug|Any CPU
		{DA23EC65-980B-44FC-89EC-CE4A470E0353}.Debug|Any CPU.Build.0 = Debug|Any CPU
		{DA23EC65-980B-44FC-89EC-CE4A470E0353}.Release|Any CPU.ActiveCfg = Release|Any CPU
		{DA23EC65-980B-44FC-89EC-CE4A470E0353}.Release|Any CPU.Build.0 = Release|Any CPU
	EndGlobalSection
	GlobalSection(SolutionProperties) = preSolution
		HideSolutionNode = FALSE
	EndGlobalSection
	GlobalSection(ExtensibilityGlobals) = postSolution
		SolutionGuid = {E9854035-F44C-470C-9C82-3DF8E46AEA08}
	EndGlobalSection
EndGlobal
